// !$*UTF8*$!
{
	archiveVersion = 1;
	classes = {
	};
	objectVersion = 46;
	objects = {

/* Begin PBXBuildFile section */
		610457E61D1C30E600EB4A37 /* AppDelegate.swift in Sources */ = {isa = PBXBuildFile; fileRef = 610457E51D1C30E600EB4A37 /* AppDelegate.swift */; };
		610457E81D1C30E700EB4A37 /* FaceViewController.swift in Sources */ = {isa = PBXBuildFile; fileRef = 610457E71D1C30E700EB4A37 /* FaceViewController.swift */; };
		610457EB1D1C30E700EB4A37 /* Main.storyboard in Resources */ = {isa = PBXBuildFile; fileRef = 610457E91D1C30E700EB4A37 /* Main.storyboard */; };
		610457ED1D1C30E700EB4A37 /* Assets.xcassets in Resources */ = {isa = PBXBuildFile; fileRef = 610457EC1D1C30E700EB4A37 /* Assets.xcassets */; };
		610457F01D1C30E700EB4A37 /* LaunchScreen.storyboard in Resources */ = {isa = PBXBuildFile; fileRef = 610457EE1D1C30E700EB4A37 /* LaunchScreen.storyboard */; };
		610457F91D1C323F00EB4A37 /* FaceView.swift in Sources */ = {isa = PBXBuildFile; fileRef = 610457F81D1C323F00EB4A37 /* FaceView.swift */; };
		61BB142D1D22ACAB001BB83B /* FacialExpression.swift in Sources */ = {isa = PBXBuildFile; fileRef = 61BB142C1D22ACAB001BB83B /* FacialExpression.swift */; };
/* End PBXBuildFile section */

/* Begin PBXFileReference section */
		610457E21D1C30E600EB4A37 /* FaceIt.app */ = {isa = PBXFileReference; explicitFileType = wrapper.application; includeInIndex = 0; path = FaceIt.app; sourceTree = BUILT_PRODUCTS_DIR; };
		610457E51D1C30E600EB4A37 /* AppDelegate.swift */ = {isa = PBXFileReference; lastKnownFileType = sourcecode.swift; path = AppDelegate.swift; sourceTree = "<group>"; };
		610457E71D1C30E700EB4A37 /* FaceViewController.swift */ = {isa = PBXFileReference; lastKnownFileType = sourcecode.swift; path = FaceViewController.swift; sourceTree = "<group>"; };
		610457EA1D1C30E700EB4A37 /* Base */ = {isa = PBXFileReference; lastKnownFileType = file.storyboard; name = Base; path = Base.lproj/Main.storyboard; sourceTree = "<group>"; };
		610457EC1D1C30E700EB4A37 /* Assets.xcassets */ = {isa = PBXFileReference; lastKnownFileType = folder.assetcatalog; path = Assets.xcassets; sourceTree = "<group>"; };
		610457EF1D1C30E700EB4A37 /* Base */ = {isa = PBXFileReference; lastKnownFileType = file.storyboard; name = Base; path = Base.lproj/LaunchScreen.storyboard; sourceTree = "<group>"; };
		610457F11D1C30E700EB4A37 /* Info.plist */ = {isa = PBXFileReference; lastKnownFileType = text.plist.xml; path = Info.plist; sourceTree = "<group>"; };
		610457F81D1C323F00EB4A37 /* FaceView.swift */ = {isa = PBXFileReference; fileEncoding = 4; lastKnownFileType = sourcecode.swift; path = FaceView.swift; sourceTree = "<group>"; };
		61BB142C1D22ACAB001BB83B /* FacialExpression.swift */ = {isa = PBXFileReference; fileEncoding = 4; lastKnownFileType = sourcecode.swift; path = FacialExpression.swift; sourceTree = "<group>"; };
/* End PBXFileReference section */

/* Begin PBXFrameworksBuildPhase section */
		610457DF1D1C30E600EB4A37 /* Frameworks */ = {
			isa = PBXFrameworksBuildPhase;
			buildActionMask = 2147483647;
			files = (
			);
			runOnlyForDeploymentPostprocessing = 0;
		};
/* End PBXFrameworksBuildPhase section */

/* Begin PBXGroup section */
		610457D91D1C30E600EB4A37 = {
			isa = PBXGroup;
			children = (
				610457E41D1C30E600EB4A37 /* FaceIt */,
				610457E31D1C30E600EB4A37 /* Products */,
			);
			sourceTree = "<group>";
		};
		610457E31D1C30E600EB4A37 /* Products */ = {
			isa = PBXGroup;
			children = (
				610457E21D1C30E600EB4A37 /* FaceIt.app */,
			);
			name = Products;
			sourceTree = "<group>";
		};
		610457E41D1C30E600EB4A37 /* FaceIt */ = {
			isa = PBXGroup;
			children = (
				610457E71D1C30E700EB4A37 /* FaceViewController.swift */,
				610457E91D1C30E700EB4A37 /* Main.storyboard */,
				610457F81D1C323F00EB4A37 /* FaceView.swift */,
				610457F71D1C315900EB4A37 /* Supporting Files */,
				61BB142C1D22ACAB001BB83B /* FacialExpression.swift */,
			);
			path = FaceIt;
			sourceTree = "<group>";
		};
		610457F71D1C315900EB4A37 /* Supporting Files */ = {
			isa = PBXGroup;
			children = (
				610457E51D1C30E600EB4A37 /* AppDelegate.swift */,
				610457EC1D1C30E700EB4A37 /* Assets.xcassets */,
				610457EE1D1C30E700EB4A37 /* LaunchScreen.storyboard */,
				610457F11D1C30E700EB4A37 /* Info.plist */,
			);
			name = "Supporting Files";
			sourceTree = "<group>";
		};
/* End PBXGroup section */

/* Begin PBXNativeTarget section */
		610457E11D1C30E600EB4A37 /* FaceIt */ = {
			isa = PBXNativeTarget;
			buildConfigurationList = 610457F41D1C30E700EB4A37 /* Build configuration list for PBXNativeTarget "FaceIt" */;
			buildPhases = (
				610457DE1D1C30E600EB4A37 /* Sources */,
				610457DF1D1C30E600EB4A37 /* Frameworks */,
				610457E01D1C30E600EB4A37 /* Resources */,
			);
			buildRules = (
			);
			dependencies = (
			);
			name = FaceIt;
			productName = FaceIt;
			productReference = 610457E21D1C30E600EB4A37 /* FaceIt.app */;
			productType = "com.apple.product-type.application";
		};
/* End PBXNativeTarget section */

/* Begin PBXProject section */
		610457DA1D1C30E600EB4A37 /* Project object */ = {
			isa = PBXProject;
			attributes = {
				LastSwiftUpdateCheck = 0730;
				LastUpgradeCheck = 0730;
				ORGANIZATIONNAME = "Whealy, Chris";
				TargetAttributes = {
					610457E11D1C30E600EB4A37 = {
						CreatedOnToolsVersion = 7.3.1;
					};
				};
			};
			buildConfigurationList = 610457DD1D1C30E600EB4A37 /* Build configuration list for PBXProject "FaceIt" */;
			compatibilityVersion = "Xcode 3.2";
			developmentRegion = English;
			hasScannedForEncodings = 0;
			knownRegions = (
				en,
				Base,
			);
			mainGroup = 610457D91D1C30E600EB4A37;
			productRefGroup = 610457E31D1C30E600EB4A37 /* Products */;
			projectDirPath = "";
			projectRoot = "";
			targets = (
				610457E11D1C30E600EB4A37 /* FaceIt */,
			);
		};
/* End PBXProject section */

/* Begin PBXResourcesBuildPhase section */
		610457E01D1C30E600EB4A37 /* Resources */ = {
			isa = PBXResourcesBuildPhase;
			buildActionMask = 2147483647;
			files = (
				610457F01D1C30E700EB4A37 /* LaunchScreen.storyboard in Resources */,
				610457ED1D1C30E700EB4A37 /* Assets.xcassets in Resources */,
				610457EB1D1C30E700EB4A37 /* Main.storyboard in Resources */,
			);
			runOnlyForDeploymentPostprocessing = 0;
		};
/* End PBXResourcesBuildPhase section */

/* Begin PBXSourcesBuildPhase section */
		610457DE1D1C30E600EB4A37 /* Sources */ = {
			isa = PBXSourcesBuildPhase;
			buildActionMask = 2147483647;
			files = (
				610457E81D1C30E700EB4A37 /* FaceViewController.swift in Sources */,
				61BB142D1D22ACAB001BB83B /* FacialExpression.swift in Sources */,
				610457E61D1C30E600EB4A37 /* AppDelegate.swift in Sources */,
				610457F91D1C323F00EB4A37 /* FaceView.swift in Sources */,
			);
			runOnlyForDeploymentPostprocessing = 0;
		};
/* End PBXSourcesBuildPhase section */

/* Begin PBXVariantGroup section */
		610457E91D1C30E700EB4A37 /* Main.storyboard */ = {
			isa = PBXVariantGroup;
			children = (
				610457EA1D1C30E700EB4A37 /* Base */,
			);
			name = Main.storyboard;
			sourceTree = "<group>";
		};
		610457EE1D1C30E700EB4A37 /* LaunchScreen.storyboard */ = {
			isa = PBXVariantGroup;
			children = (
				610457EF1D1C30E700EB4A37 /* Base */,
			);
			name = LaunchScreen.storyboard;
			sourceTree = "<group>";
		};
/* End PBXVariantGroup section */

/* Begin XCBuildConfiguration section */
		610457F21D1C30E700EB4A37 /* Debug */ = {
			isa = XCBuildConfiguration;
			buildSettings = {
				ALWAYS_SEARCH_USER_PATHS = NO;
				CLANG_ANALYZER_NONNULL = YES;
				CLANG_CXX_LANGUAGE_STANDARD = "gnu++0x";
				CLANG_CXX_LIBRARY = "libc++";
				CLANG_ENABLE_MODULES = YES;
				CLANG_ENABLE_OBJC_ARC = YES;
				CLANG_WARN_BOOL_CONVERSION = YES;
				CLANG_WARN_CONSTANT_CONVERSION = YES;
				CLANG_WARN_DIRECT_OBJC_ISA_USAGE = YES_ERROR;
				CLANG_WARN_EMPTY_BODY = YES;
				CLANG_WARN_ENUM_CONVERSION = YES;
				CLANG_WARN_INT_CONVERSION = YES;
				CLANG_WARN_OBJC_ROOT_CLASS = YES_ERROR;
				CLANG_WARN_UNREACHABLE_CODE = YES;
				CLANG_WARN__DUPLICATE_METHOD_MATCH = YES;
				"CODE_SIGN_IDENTITY[sdk=iphoneos*]" = "iPhone Developer";
				COPY_PHASE_STRIP = NO;
				DEBUG_INFORMATION_FORMAT = dwarf;
				ENABLE_STRICT_OBJC_MSGSEND = YES;
				ENABLE_TESTABILITY = YES;
				GCC_C_LANGUAGE_STANDARD = gnu99;
				GCC_DYNAMIC_NO_PIC = NO;
				GCC_NO_COMMON_BLOCKS = YES;
				GCC_OPTIMIZATION_LEVEL = 0;
				GCC_PREPROCESSOR_DEFINITIONS = (
					"DEBUG=1",
					"$(inherited)",
				);
				GCC_WARN_64_TO_32_BIT_CONVERSION = YES;
				GCC_WARN_ABOUT_RETURN_TYPE = YES_ERROR;
				GCC_WARN_UNDECLARED_SELECTOR = YES;
				GCC_WARN_UNINITIALIZED_AUTOS = YES_AGGRESSIVE;
				GCC_WARN_UNUSED_FUNCTION = YES;
				GCC_WARN_UNUSED_VARIABLE = YES;
				IPHONEOS_DEPLOYMENT_TARGET = 9.3;
				MTL_ENABLE_DEBUG_INFO = YES;
				ONLY_ACTIVE_ARCH = YES;
				SDKROOT = iphoneos;
				SWIFT_OPTIMIZATION_LEVEL = "-Onone";
				TARGETED_DEVICE_FAMILY = "1,2";
			};
			name = Debug;
		};
		610457F31D1C30E700EB4A37 /* Release */ = {
			isa = XCBuildConfiguration;
			buildSettings = {
				ALWAYS_SEARCH_USER_PATHS = NO;
				CLANG_ANALYZER_NONNULL = YES;
				CLANG_CXX_LANGUAGE_STANDARD = "gnu++0x";
				CLANG_CXX_LIBRARY = "libc++";
				CLANG_ENABLE_MODULES = YES;
				CLANG_ENABLE_OBJC_ARC = YES;
				CLANG_WARN_BOOL_CONVERSION = YES;
				CLANG_WARN_CONSTANT_CONVERSION = YES;
				CLANG_WARN_DIRECT_OBJC_ISA_USAGE = YES_ERROR;
				CLANG_WARN_EMPTY_BODY = YES;
				CLANG_WARN_ENUM_CONVERSION = YES;
				CLANG_WARN_INT_CONVERSION = YES;
				CLANG_WARN_OBJC_ROOT_CLASS = YES_ERROR;
				CLANG_WARN_UNREACHABLE_CODE = YES;
				CLANG_WARN__DUPLICATE_METHOD_MATCH = YES;
				"CODE_SIGN_IDENTITY[sdk=iphoneos*]" = "iPhone Developer";
				COPY_PHASE_STRIP = NO;
				DEBUG_INFORMATION_FORMAT = "dwarf-with-dsym";
				ENABLE_NS_ASSERTIONS = NO;
				ENABLE_STRICT_OBJC_MSGSEND = YES;
				GCC_C_LANGUAGE_STANDARD = gnu99;
				GCC_NO_COMMON_BLOCKS = YES;
				GCC_WARN_64_TO_32_BIT_CONVERSION = YES;
				GCC_WARN_ABOUT_RETURN_TYPE = YES_ERROR;
				GCC_WARN_UNDECLARED_SELECTOR = YES;
				GCC_WARN_UNINITIALIZED_AUTOS = YES_AGGRESSIVE;
				GCC_WARN_UNUSED_FUNCTION = YES;
				GCC_WARN_UNUSED_VARIABLE = YES;
				IPHONEOS_DEPLOYMENT_TARGET = 9.3;
				MTL_ENABLE_DEBUG_INFO = NO;
				SDKROOT = iphoneos;
				TARGETED_DEVICE_FAMILY = "1,2";
				VALIDATE_PRODUCT = YES;
			};
			name = Release;
		};
		610457F51D1C30E700EB4A37 /* Debug */ = {
			isa = XCBuildConfiguration;
			buildSettings = {
				ASSETCATALOG_COMPILER_APPICON_NAME = AppIcon;
				INFOPLIST_FILE = FaceIt/Info.plist;
				LD_RUNPATH_SEARCH_PATHS = "$(inherited) @executable_path/Frameworks";
				PRODUCT_BUNDLE_IDENTIFIER = com.sap.rig.FaceIt;
				PRODUCT_NAME = "$(TARGET_NAME)";
			};
			name = Debug;
		};
		610457F61D1C30E700EB4A37 /* Release */ = {
			isa = XCBuildConfiguration;
			buildSettings = {
				ASSETCATALOG_COMPILER_APPICON_NAME = AppIcon;
				INFOPLIST_FILE = FaceIt/Info.plist;
				LD_RUNPATH_SEARCH_PATHS = "$(inherited) @executable_path/Frameworks";
				PRODUCT_BUNDLE_IDENTIFIER = com.sap.rig.FaceIt;
				PRODUCT_NAME = "$(TARGET_NAME)";
			};
			name = Release;
		};
/* End XCBuildConfiguration section */

/* Begin XCConfigurationList section */
		610457DD1D1C30E600EB4A37 /* Build configuration list for PBXProject "FaceIt" */ = {
			isa = XCConfigurationList;
			buildConfigurations = (
				610457F21D1C30E700EB4A37 /* Debug */,
				610457F31D1C30E700EB4A37 /* Release */,
			);
			defaultConfigurationIsVisible = 0;
			defaultConfigurationName = Release;
		};
		610457F41D1C30E700EB4A37 /* Build configuration list for PBXNativeTarget "FaceIt" */ = {
			isa = XCConfigurationList;
			buildConfigurations = (
				610457F51D1C30E700EB4A37 /* Debug */,
				610457F61D1C30E700EB4A37 /* Release */,
			);
			defaultConfigurationIsVisible = 0;
			defaultConfigurationName = Release;
		};
/* End XCConfigurationList section */
	};
	rootObject = 610457DA1D1C30E600EB4A37 /* Project object */;
}
